PODS:
  - ImageMagick (6.8.8-9):
    - ImageMagick/jpeg (= 6.8.8-9)
    - ImageMagick/png (= 6.8.8-9)
    - ImageMagick/tiff (= 6.8.8-9)
    - ImageMagick/wand (= 6.8.8-9)
  - ImageMagick/jpeg (6.8.8-9)
  - ImageMagick/png (6.8.8-9)
  - ImageMagick/tiff (6.8.8-9)
  - ImageMagick/wand (6.8.8-9)
  - MarqueeLabel (3.0.1):
    - MarqueeLabel/ObjC (= 3.0.1)
  - MarqueeLabel/ObjC (3.0.1)
  - PebbleKit (3.1.1)
  - PureLayout (3.0.2)
  - SDWebImage (3.8.2):
    - SDWebImage/Core (= 3.8.2)
  - SDWebImage/Core (3.8.2)
  - YYImage (1.0.4):
    - YYImage/Core (= 1.0.4)
  - YYImage/Core (1.0.4)

DEPENDENCIES:
  - ImageMagick (= 6.8.8-9)
  - MarqueeLabel
  - PebbleKit
  - PureLayout
  - SDWebImage (~> 3.8)
  - YYImage

SPEC CHECKSUMS:
  ImageMagick: e8c089d133679d505c98dc97f3dc5be0e706e1df
  MarqueeLabel: 80ba85d2b76a9f5fa6c13de337db80bcd94feb1d
  PebbleKit: 390181163256815738e467f183e7c65e16b56d25
  PureLayout: 4d550abe49a94f24c2808b9b95db9131685fe4cd
  SDWebImage: 098e97e6176540799c27e804c96653ee0833d13c
  YYImage: 1e1b62a9997399593e4b9c4ecfbbabbf1d3f3b54

PODFILE CHECKSUM: e255e58a4ba2d0d35e3d4e2f131f7faeb026b459

COCOAPODS: 1.1.1
