// !$*UTF8*$!
{
	archiveVersion = 1;
	classes = {
	};
	objectVersion = 46;
	objects = {

/* Begin PBXBuildFile section */
		6A0750721D5EAB8000BCBC9C /* aplite_colours.gif in Resources */ = {isa = PBXBuildFile; fileRef = 6A0750711D5EAB8000BCBC9C /* aplite_colours.gif */; };
		6A0750741D5EC0C000BCBC9C /* bw_robot.png in Resources */ = {isa = PBXBuildFile; fileRef = 6A0750731D5EC0C000BCBC9C /* bw_robot.png */; };
		6A1FB9C71D99EB0A00890BF3 /* LMAlbumViewController.m in Sources */ = {isa = PBXBuildFile; fileRef = 6A1FB9C61D99EB0A00890BF3 /* LMAlbumViewController.m */; };
		6A1FB9CC1D9AE76A00890BF3 /* LMLabel.m in Sources */ = {isa = PBXBuildFile; fileRef = 6A1FB9CB1D9AE76A00890BF3 /* LMLabel.m */; };
		6A1FB9CF1D9B001000890BF3 /* LMAlbumCountLabel.m in Sources */ = {isa = PBXBuildFile; fileRef = 6A1FB9CE1D9B001000890BF3 /* LMAlbumCountLabel.m */; };
		6A2566F31D4089E8004EDE41 /* MediaPlayer.framework in Frameworks */ = {isa = PBXBuildFile; fileRef = 6A2566F21D4089E8004EDE41 /* MediaPlayer.framework */; };
		6A313C121BB44959002BBC33 /* NPAlbumArtView.m in Sources */ = {isa = PBXBuildFile; fileRef = 6A313C111BB44959002BBC33 /* NPAlbumArtView.m */; };
		6A313C181BB59AE8002BBC33 /* LMButton.m in Sources */ = {isa = PBXBuildFile; fileRef = 6A313C171BB59AE8002BBC33 /* LMButton.m */; };
		6A313C1B1BB59D91002BBC33 /* repeat_black.png in Resources */ = {isa = PBXBuildFile; fileRef = 6A313C191BB59D91002BBC33 /* repeat_black.png */; };
		6A313C1C1BB59D91002BBC33 /* shuffle_black.png in Resources */ = {isa = PBXBuildFile; fileRef = 6A313C1A1BB59D91002BBC33 /* shuffle_black.png */; };
		6A514E121CE904F100AFB351 /* LMNowPlayingViewController.m in Sources */ = {isa = PBXBuildFile; fileRef = 6A514E111CE904F000AFB351 /* LMNowPlayingViewController.m */; };
		6A514E141CE9621B00AFB351 /* dynamic_playlist.png in Resources */ = {isa = PBXBuildFile; fileRef = 6A514E131CE9621B00AFB351 /* dynamic_playlist.png */; };
		6A514E161CEA125B00AFB351 /* lignite_background_portrait.png in Resources */ = {isa = PBXBuildFile; fileRef = 6A514E151CEA125B00AFB351 /* lignite_background_portrait.png */; };
		6A514E191CEA15D900AFB351 /* LMSlider.m in Sources */ = {isa = PBXBuildFile; fileRef = 6A514E181CEA15D900AFB351 /* LMSlider.m */; };
		6A514E1F1CEA3FCE00AFB351 /* splash_portrait.png in Resources */ = {isa = PBXBuildFile; fileRef = 6A514E1E1CEA3FCE00AFB351 /* splash_portrait.png */; };
		6A555BB01DA168860078C9FC /* LMOperationQueue.m in Sources */ = {isa = PBXBuildFile; fileRef = 6A555BAF1DA168860078C9FC /* LMOperationQueue.m */; };
		6A6351921D9D71D300498582 /* LMListEntry.m in Sources */ = {isa = PBXBuildFile; fileRef = 6A6351911D9D71D300498582 /* LMListEntry.m */; };
		6A66C76B1CDA10C2009019CF /* LMMiniPlayerView.m in Sources */ = {isa = PBXBuildFile; fileRef = 6A66C76A1CDA10C2009019CF /* LMMiniPlayerView.m */; };
		6A66C76F1CDA1BB1009019CF /* back_arrow_white.png in Resources */ = {isa = PBXBuildFile; fileRef = 6A66C76E1CDA1BB1009019CF /* back_arrow_white.png */; };
		6A67E62F1D9CC7B800763DD0 /* LMAlbumDetailView.m in Sources */ = {isa = PBXBuildFile; fileRef = 6A67E62E1D9CC7B800763DD0 /* LMAlbumDetailView.m */; };
		6A73CF5C1D4127C70097A400 /* LMPebbleImage.m in Sources */ = {isa = PBXBuildFile; fileRef = 6A73CF5B1D4127C70097A400 /* LMPebbleImage.m */; };
		6A73CF611D451BFA0097A400 /* LMPebbleMessageQueue.m in Sources */ = {isa = PBXBuildFile; fileRef = 6A73CF601D451BFA0097A400 /* LMPebbleMessageQueue.m */; };
		6A7FDBB61D9C35FB00CA6DBF /* LMAdaptiveScrollView.m in Sources */ = {isa = PBXBuildFile; fileRef = 6A7FDBB51D9C35FB00CA6DBF /* LMAdaptiveScrollView.m */; };
		6AA4459C1D5AB264004C6739 /* LMPebbleSettingsView.m in Sources */ = {isa = PBXBuildFile; fileRef = 6AA4459B1D5AB264004C6739 /* LMPebbleSettingsView.m */; };
		6AA445A01D5AD6AB004C6739 /* LMSettingsSwitch.m in Sources */ = {isa = PBXBuildFile; fileRef = 6AA4459F1D5AD6AB004C6739 /* LMSettingsSwitch.m */; };
		6AA445A31D5AD7B0004C6739 /* LMSettingsLabel.m in Sources */ = {isa = PBXBuildFile; fileRef = 6AA445A21D5AD7B0004C6739 /* LMSettingsLabel.m */; };
		6AA4735F1BC70FBA0066D47E /* ExternalAccessory.framework in Frameworks */ = {isa = PBXBuildFile; fileRef = 6AA4735E1BC70FBA0066D47E /* ExternalAccessory.framework */; };
		6AA473611BC710320066D47E /* CoreBluetooth.framework in Frameworks */ = {isa = PBXBuildFile; fileRef = 6AA473601BC710320066D47E /* CoreBluetooth.framework */; };
		6AA473631BC7103B0066D47E /* CoreMotion.framework in Frameworks */ = {isa = PBXBuildFile; fileRef = 6AA473621BC7103B0066D47E /* CoreMotion.framework */; };
		6AA473651BC710460066D47E /* MessageUI.framework in Frameworks */ = {isa = PBXBuildFile; fileRef = 6AA473641BC710460066D47E /* MessageUI.framework */; };
		6AAF610D1DA0286F00971875 /* Localizable.strings in Resources */ = {isa = PBXBuildFile; fileRef = 6AAF610F1DA0286F00971875 /* Localizable.strings */; };
		6AAF61151DA0758400971875 /* LMTableView.m in Sources */ = {isa = PBXBuildFile; fileRef = 6AAF61141DA0758400971875 /* LMTableView.m */; };
		6AAF61181DA0B9C800971875 /* LMTableViewCell.m in Sources */ = {isa = PBXBuildFile; fileRef = 6AAF61171DA0B9C700971875 /* LMTableViewCell.m */; };
		6AB12E9C1D57AD9800280383 /* settings.png in Resources */ = {isa = PBXBuildFile; fileRef = 6AB12E9B1D57AD9800280383 /* settings.png */; };
		6ABF6A821CF374F7003E4EFA /* UIImage+AverageColour.m in Sources */ = {isa = PBXBuildFile; fileRef = 6ABF6A811CF374F7003E4EFA /* UIImage+AverageColour.m */; };
		6ABF6A851CF3768A003E4EFA /* UIColor+isLight.m in Sources */ = {isa = PBXBuildFile; fileRef = 6ABF6A841CF3768A003E4EFA /* UIColor+isLight.m */; };
		6ADDBD3D1DA29D3E00DB99EF /* LMShadowView.m in Sources */ = {isa = PBXBuildFile; fileRef = 6ADDBD3C1DA29D3E00DB99EF /* LMShadowView.m */; };
		6AE4A7FA1D493C0F002B67CD /* robot.png in Resources */ = {isa = PBXBuildFile; fileRef = 6AE4A7F91D493C0F002B67CD /* robot.png */; };
		6AE4A7FC1D49461C002B67CD /* pebble_colours_64.gif in Resources */ = {isa = PBXBuildFile; fileRef = 6AE4A7FB1D49461C002B67CD /* pebble_colours_64.gif */; };
		6AEB9CFD1BACF60E00AD19FA /* main.m in Sources */ = {isa = PBXBuildFile; fileRef = 6AEB9CFC1BACF60E00AD19FA /* main.m */; };
		6AEB9D001BACF60E00AD19FA /* AppDelegate.m in Sources */ = {isa = PBXBuildFile; fileRef = 6AEB9CFF1BACF60E00AD19FA /* AppDelegate.m */; };
		6AEB9D061BACF60E00AD19FA /* Main.storyboard in Resources */ = {isa = PBXBuildFile; fileRef = 6AEB9D041BACF60E00AD19FA /* Main.storyboard */; };
		6AEB9D081BACF60E00AD19FA /* Assets.xcassets in Resources */ = {isa = PBXBuildFile; fileRef = 6AEB9D071BACF60E00AD19FA /* Assets.xcassets */; };
		6AEB9D0B1BACF60E00AD19FA /* LaunchScreen.storyboard in Resources */ = {isa = PBXBuildFile; fileRef = 6AEB9D091BACF60E00AD19FA /* LaunchScreen.storyboard */; };
		6AEB9D351BAD812700AD19FA /* pause_white.png in Resources */ = {isa = PBXBuildFile; fileRef = 6AEB9D311BAD812700AD19FA /* pause_white.png */; };
		6AEB9D361BAD812700AD19FA /* play_white.png in Resources */ = {isa = PBXBuildFile; fileRef = 6AEB9D321BAD812700AD19FA /* play_white.png */; };
		6AEB9D3A1BAD824E00AD19FA /* lignite_background.jpg in Resources */ = {isa = PBXBuildFile; fileRef = 6AEB9D391BAD824E00AD19FA /* lignite_background.jpg */; };
		6AFD2EDD1BC41ECD0083FE9E /* LMAlbumViewItem.m in Sources */ = {isa = PBXBuildFile; fileRef = 6AFD2EDC1BC41ECC0083FE9E /* LMAlbumViewItem.m */; };
		6AFD2EDF1BC423850083FE9E /* no_album.png in Resources */ = {isa = PBXBuildFile; fileRef = 6AFD2EDE1BC423850083FE9E /* no_album.png */; };
		A75C073ECBB2FEB1EFE05613 /* Pods_Lignite_Music.framework in Frameworks */ = {isa = PBXBuildFile; fileRef = 0647B1CCD075642CBF2B75C8 /* Pods_Lignite_Music.framework */; };
/* End PBXBuildFile section */

/* Begin PBXFileReference section */
		0647B1CCD075642CBF2B75C8 /* Pods_Lignite_Music.framework */ = {isa = PBXFileReference; explicitFileType = wrapper.framework; includeInIndex = 0; path = Pods_Lignite_Music.framework; sourceTree = BUILT_PRODUCTS_DIR; };
		09E6F5244BE516BDD4E0D08C /* Pods-Lignite Music.release.xcconfig */ = {isa = PBXFileReference; includeInIndex = 1; lastKnownFileType = text.xcconfig; name = "Pods-Lignite Music.release.xcconfig"; path = "Pods/Target Support Files/Pods-Lignite Music/Pods-Lignite Music.release.xcconfig"; sourceTree = "<group>"; };
		6A0750711D5EAB8000BCBC9C /* aplite_colours.gif */ = {isa = PBXFileReference; lastKnownFileType = image.gif; path = aplite_colours.gif; sourceTree = "<group>"; };
		6A0750731D5EC0C000BCBC9C /* bw_robot.png */ = {isa = PBXFileReference; lastKnownFileType = image.png; path = bw_robot.png; sourceTree = "<group>"; };
		6A106B121BC710D4003AE55A /* Lignite Music.entitlements */ = {isa = PBXFileReference; lastKnownFileType = text.xml; path = "Lignite Music.entitlements"; sourceTree = "<group>"; };
		6A1FB9C51D99EB0A00890BF3 /* LMAlbumViewController.h */ = {isa = PBXFileReference; fileEncoding = 4; lastKnownFileType = sourcecode.c.h; path = LMAlbumViewController.h; sourceTree = "<group>"; };
		6A1FB9C61D99EB0A00890BF3 /* LMAlbumViewController.m */ = {isa = PBXFileReference; fileEncoding = 4; lastKnownFileType = sourcecode.c.objc; path = LMAlbumViewController.m; sourceTree = "<group>"; };
		6A1FB9CA1D9AE76A00890BF3 /* LMLabel.h */ = {isa = PBXFileReference; fileEncoding = 4; lastKnownFileType = sourcecode.c.h; path = LMLabel.h; sourceTree = "<group>"; };
		6A1FB9CB1D9AE76A00890BF3 /* LMLabel.m */ = {isa = PBXFileReference; fileEncoding = 4; lastKnownFileType = sourcecode.c.objc; path = LMLabel.m; sourceTree = "<group>"; };
		6A1FB9CD1D9B001000890BF3 /* LMAlbumCountLabel.h */ = {isa = PBXFileReference; fileEncoding = 4; lastKnownFileType = sourcecode.c.h; path = LMAlbumCountLabel.h; sourceTree = "<group>"; };
		6A1FB9CE1D9B001000890BF3 /* LMAlbumCountLabel.m */ = {isa = PBXFileReference; fileEncoding = 4; lastKnownFileType = sourcecode.c.objc; path = LMAlbumCountLabel.m; sourceTree = "<group>"; };
		6A2566F21D4089E8004EDE41 /* MediaPlayer.framework */ = {isa = PBXFileReference; lastKnownFileType = wrapper.framework; name = MediaPlayer.framework; path = System/Library/Frameworks/MediaPlayer.framework; sourceTree = SDKROOT; };
		6A313C101BB44959002BBC33 /* NPAlbumArtView.h */ = {isa = PBXFileReference; fileEncoding = 4; lastKnownFileType = sourcecode.c.h; path = NPAlbumArtView.h; sourceTree = "<group>"; };
		6A313C111BB44959002BBC33 /* NPAlbumArtView.m */ = {isa = PBXFileReference; fileEncoding = 4; lastKnownFileType = sourcecode.c.objc; path = NPAlbumArtView.m; sourceTree = "<group>"; };
		6A313C131BB44A8F002BBC33 /* LMExtras.h */ = {isa = PBXFileReference; lastKnownFileType = sourcecode.c.h; path = LMExtras.h; sourceTree = "<group>"; };
		6A313C161BB59AE8002BBC33 /* LMButton.h */ = {isa = PBXFileReference; fileEncoding = 4; lastKnownFileType = sourcecode.c.h; path = LMButton.h; sourceTree = "<group>"; };
		6A313C171BB59AE8002BBC33 /* LMButton.m */ = {isa = PBXFileReference; fileEncoding = 4; lastKnownFileType = sourcecode.c.objc; path = LMButton.m; sourceTree = "<group>"; };
		6A313C191BB59D91002BBC33 /* repeat_black.png */ = {isa = PBXFileReference; lastKnownFileType = image.png; path = repeat_black.png; sourceTree = "<group>"; };
		6A313C1A1BB59D91002BBC33 /* shuffle_black.png */ = {isa = PBXFileReference; lastKnownFileType = image.png; path = shuffle_black.png; sourceTree = "<group>"; };
		6A514E101CE904F000AFB351 /* LMNowPlayingViewController.h */ = {isa = PBXFileReference; fileEncoding = 4; lastKnownFileType = sourcecode.c.h; path = LMNowPlayingViewController.h; sourceTree = "<group>"; };
		6A514E111CE904F000AFB351 /* LMNowPlayingViewController.m */ = {isa = PBXFileReference; fileEncoding = 4; lastKnownFileType = sourcecode.c.objc; path = LMNowPlayingViewController.m; sourceTree = "<group>"; };
		6A514E131CE9621B00AFB351 /* dynamic_playlist.png */ = {isa = PBXFileReference; lastKnownFileType = image.png; path = dynamic_playlist.png; sourceTree = "<group>"; };
		6A514E151CEA125B00AFB351 /* lignite_background_portrait.png */ = {isa = PBXFileReference; lastKnownFileType = image.png; path = lignite_background_portrait.png; sourceTree = "<group>"; };
		6A514E171CEA15D900AFB351 /* LMSlider.h */ = {isa = PBXFileReference; fileEncoding = 4; lastKnownFileType = sourcecode.c.h; path = LMSlider.h; sourceTree = "<group>"; };
		6A514E181CEA15D900AFB351 /* LMSlider.m */ = {isa = PBXFileReference; fileEncoding = 4; lastKnownFileType = sourcecode.c.objc; path = LMSlider.m; sourceTree = "<group>"; };
		6A514E1E1CEA3FCE00AFB351 /* splash_portrait.png */ = {isa = PBXFileReference; lastKnownFileType = image.png; path = splash_portrait.png; sourceTree = "<group>"; };
		6A555BAE1DA168860078C9FC /* LMOperationQueue.h */ = {isa = PBXFileReference; fileEncoding = 4; lastKnownFileType = sourcecode.c.h; path = LMOperationQueue.h; sourceTree = "<group>"; };
		6A555BAF1DA168860078C9FC /* LMOperationQueue.m */ = {isa = PBXFileReference; fileEncoding = 4; lastKnownFileType = sourcecode.c.objc; path = LMOperationQueue.m; sourceTree = "<group>"; };
		6A6351901D9D71D300498582 /* LMListEntry.h */ = {isa = PBXFileReference; fileEncoding = 4; lastKnownFileType = sourcecode.c.h; path = LMListEntry.h; sourceTree = "<group>"; };
		6A6351911D9D71D300498582 /* LMListEntry.m */ = {isa = PBXFileReference; fileEncoding = 4; lastKnownFileType = sourcecode.c.objc; path = LMListEntry.m; sourceTree = "<group>"; };
		6A66C7691CDA10C2009019CF /* LMMiniPlayerView.h */ = {isa = PBXFileReference; fileEncoding = 4; lastKnownFileType = sourcecode.c.h; path = LMMiniPlayerView.h; sourceTree = "<group>"; };
		6A66C76A1CDA10C2009019CF /* LMMiniPlayerView.m */ = {isa = PBXFileReference; fileEncoding = 4; lastKnownFileType = sourcecode.c.objc; path = LMMiniPlayerView.m; sourceTree = "<group>"; };
		6A66C76E1CDA1BB1009019CF /* back_arrow_white.png */ = {isa = PBXFileReference; lastKnownFileType = image.png; path = back_arrow_white.png; sourceTree = "<group>"; };
		6A67E62D1D9CC7B800763DD0 /* LMAlbumDetailView.h */ = {isa = PBXFileReference; fileEncoding = 4; lastKnownFileType = sourcecode.c.h; path = LMAlbumDetailView.h; sourceTree = "<group>"; };
		6A67E62E1D9CC7B800763DD0 /* LMAlbumDetailView.m */ = {isa = PBXFileReference; fileEncoding = 4; lastKnownFileType = sourcecode.c.objc; path = LMAlbumDetailView.m; sourceTree = "<group>"; };
		6A73CF5A1D4127C70097A400 /* LMPebbleImage.h */ = {isa = PBXFileReference; fileEncoding = 4; lastKnownFileType = sourcecode.c.h; path = LMPebbleImage.h; sourceTree = "<group>"; };
		6A73CF5B1D4127C70097A400 /* LMPebbleImage.m */ = {isa = PBXFileReference; fileEncoding = 4; lastKnownFileType = sourcecode.c.objc; path = LMPebbleImage.m; sourceTree = "<group>"; };
		6A73CF5F1D451BFA0097A400 /* LMPebbleMessageQueue.h */ = {isa = PBXFileReference; fileEncoding = 4; lastKnownFileType = sourcecode.c.h; path = LMPebbleMessageQueue.h; sourceTree = "<group>"; };
		6A73CF601D451BFA0097A400 /* LMPebbleMessageQueue.m */ = {isa = PBXFileReference; fileEncoding = 4; lastKnownFileType = sourcecode.c.objc; path = LMPebbleMessageQueue.m; sourceTree = "<group>"; };
		6A7FDBB41D9C35FB00CA6DBF /* LMAdaptiveScrollView.h */ = {isa = PBXFileReference; fileEncoding = 4; lastKnownFileType = sourcecode.c.h; path = LMAdaptiveScrollView.h; sourceTree = "<group>"; };
		6A7FDBB51D9C35FB00CA6DBF /* LMAdaptiveScrollView.m */ = {isa = PBXFileReference; fileEncoding = 4; lastKnownFileType = sourcecode.c.objc; path = LMAdaptiveScrollView.m; sourceTree = "<group>"; };
		6AA4459A1D5AB264004C6739 /* LMPebbleSettingsView.h */ = {isa = PBXFileReference; fileEncoding = 4; lastKnownFileType = sourcecode.c.h; path = LMPebbleSettingsView.h; sourceTree = "<group>"; };
		6AA4459B1D5AB264004C6739 /* LMPebbleSettingsView.m */ = {isa = PBXFileReference; fileEncoding = 4; lastKnownFileType = sourcecode.c.objc; path = LMPebbleSettingsView.m; sourceTree = "<group>"; };
		6AA4459E1D5AD6AB004C6739 /* LMSettingsSwitch.h */ = {isa = PBXFileReference; fileEncoding = 4; lastKnownFileType = sourcecode.c.h; path = LMSettingsSwitch.h; sourceTree = "<group>"; };
		6AA4459F1D5AD6AB004C6739 /* LMSettingsSwitch.m */ = {isa = PBXFileReference; fileEncoding = 4; lastKnownFileType = sourcecode.c.objc; path = LMSettingsSwitch.m; sourceTree = "<group>"; };
		6AA445A11D5AD7B0004C6739 /* LMSettingsLabel.h */ = {isa = PBXFileReference; fileEncoding = 4; lastKnownFileType = sourcecode.c.h; path = LMSettingsLabel.h; sourceTree = "<group>"; };
		6AA445A21D5AD7B0004C6739 /* LMSettingsLabel.m */ = {isa = PBXFileReference; fileEncoding = 4; lastKnownFileType = sourcecode.c.objc; path = LMSettingsLabel.m; sourceTree = "<group>"; };
		6AA4735E1BC70FBA0066D47E /* ExternalAccessory.framework */ = {isa = PBXFileReference; lastKnownFileType = wrapper.framework; name = ExternalAccessory.framework; path = System/Library/Frameworks/ExternalAccessory.framework; sourceTree = SDKROOT; };
		6AA473601BC710320066D47E /* CoreBluetooth.framework */ = {isa = PBXFileReference; lastKnownFileType = wrapper.framework; name = CoreBluetooth.framework; path = System/Library/Frameworks/CoreBluetooth.framework; sourceTree = SDKROOT; };
		6AA473621BC7103B0066D47E /* CoreMotion.framework */ = {isa = PBXFileReference; lastKnownFileType = wrapper.framework; name = CoreMotion.framework; path = System/Library/Frameworks/CoreMotion.framework; sourceTree = SDKROOT; };
		6AA473641BC710460066D47E /* MessageUI.framework */ = {isa = PBXFileReference; lastKnownFileType = wrapper.framework; name = MessageUI.framework; path = System/Library/Frameworks/MessageUI.framework; sourceTree = SDKROOT; };
		6AAF610E1DA0286F00971875 /* en */ = {isa = PBXFileReference; lastKnownFileType = text.plist.strings; name = en; path = en.lproj/Localizable.strings; sourceTree = "<group>"; };
		6AAF61101DA028AE00971875 /* Base */ = {isa = PBXFileReference; lastKnownFileType = text.plist.strings; name = Base; path = Base.lproj/Localizable.strings; sourceTree = "<group>"; };
		6AAF61111DA028C200971875 /* de */ = {isa = PBXFileReference; lastKnownFileType = text.plist.strings; name = de; path = de.lproj/Localizable.strings; sourceTree = "<group>"; };
		6AAF61131DA0758400971875 /* LMTableView.h */ = {isa = PBXFileReference; fileEncoding = 4; lastKnownFileType = sourcecode.c.h; path = LMTableView.h; sourceTree = "<group>"; };
		6AAF61141DA0758400971875 /* LMTableView.m */ = {isa = PBXFileReference; fileEncoding = 4; lastKnownFileType = sourcecode.c.objc; path = LMTableView.m; sourceTree = "<group>"; };
		6AAF61161DA0B9C700971875 /* LMTableViewCell.h */ = {isa = PBXFileReference; fileEncoding = 4; lastKnownFileType = sourcecode.c.h; path = LMTableViewCell.h; sourceTree = "<group>"; };
		6AAF61171DA0B9C700971875 /* LMTableViewCell.m */ = {isa = PBXFileReference; fileEncoding = 4; lastKnownFileType = sourcecode.c.objc; path = LMTableViewCell.m; sourceTree = "<group>"; };
		6AB12E9B1D57AD9800280383 /* settings.png */ = {isa = PBXFileReference; lastKnownFileType = image.png; path = settings.png; sourceTree = "<group>"; };
		6ABF6A801CF374F7003E4EFA /* UIImage+AverageColour.h */ = {isa = PBXFileReference; fileEncoding = 4; lastKnownFileType = sourcecode.c.h; path = "UIImage+AverageColour.h"; sourceTree = "<group>"; };
		6ABF6A811CF374F7003E4EFA /* UIImage+AverageColour.m */ = {isa = PBXFileReference; fileEncoding = 4; lastKnownFileType = sourcecode.c.objc; path = "UIImage+AverageColour.m"; sourceTree = "<group>"; };
		6ABF6A831CF3768A003E4EFA /* UIColor+isLight.h */ = {isa = PBXFileReference; fileEncoding = 4; lastKnownFileType = sourcecode.c.h; path = "UIColor+isLight.h"; sourceTree = "<group>"; };
		6ABF6A841CF3768A003E4EFA /* UIColor+isLight.m */ = {isa = PBXFileReference; fileEncoding = 4; lastKnownFileType = sourcecode.c.objc; path = "UIColor+isLight.m"; sourceTree = "<group>"; };
		6ADDBD3B1DA29D3E00DB99EF /* LMShadowView.h */ = {isa = PBXFileReference; fileEncoding = 4; lastKnownFileType = sourcecode.c.h; path = LMShadowView.h; sourceTree = "<group>"; };
		6ADDBD3C1DA29D3E00DB99EF /* LMShadowView.m */ = {isa = PBXFileReference; fileEncoding = 4; lastKnownFileType = sourcecode.c.objc; path = LMShadowView.m; sourceTree = "<group>"; };
		6AE4A7F91D493C0F002B67CD /* robot.png */ = {isa = PBXFileReference; lastKnownFileType = image.png; path = robot.png; sourceTree = "<group>"; };
		6AE4A7FB1D49461C002B67CD /* pebble_colours_64.gif */ = {isa = PBXFileReference; lastKnownFileType = image.gif; path = pebble_colours_64.gif; sourceTree = "<group>"; };
		6AEB9CF81BACF60E00AD19FA /* Lignite Music.app */ = {isa = PBXFileReference; explicitFileType = wrapper.application; includeInIndex = 0; path = "Lignite Music.app"; sourceTree = BUILT_PRODUCTS_DIR; };
		6AEB9CFC1BACF60E00AD19FA /* main.m */ = {isa = PBXFileReference; lastKnownFileType = sourcecode.c.objc; path = main.m; sourceTree = "<group>"; };
		6AEB9CFE1BACF60E00AD19FA /* AppDelegate.h */ = {isa = PBXFileReference; lastKnownFileType = sourcecode.c.h; path = AppDelegate.h; sourceTree = "<group>"; };
		6AEB9CFF1BACF60E00AD19FA /* AppDelegate.m */ = {isa = PBXFileReference; lastKnownFileType = sourcecode.c.objc; path = AppDelegate.m; sourceTree = "<group>"; };
		6AEB9D051BACF60E00AD19FA /* Base */ = {isa = PBXFileReference; lastKnownFileType = file.storyboard; name = Base; path = Base.lproj/Main.storyboard; sourceTree = "<group>"; };
		6AEB9D071BACF60E00AD19FA /* Assets.xcassets */ = {isa = PBXFileReference; lastKnownFileType = folder.assetcatalog; path = Assets.xcassets; sourceTree = "<group>"; };
		6AEB9D0A1BACF60E00AD19FA /* Base */ = {isa = PBXFileReference; lastKnownFileType = file.storyboard; name = Base; path = Base.lproj/LaunchScreen.storyboard; sourceTree = "<group>"; };
		6AEB9D0C1BACF60E00AD19FA /* Info.plist */ = {isa = PBXFileReference; lastKnownFileType = text.plist.xml; path = Info.plist; sourceTree = "<group>"; };
		6AEB9D151BACF60F00AD19FA /* Lignite_MusicTests.m */ = {isa = PBXFileReference; lastKnownFileType = sourcecode.c.objc; path = Lignite_MusicTests.m; sourceTree = "<group>"; };
		6AEB9D171BACF60F00AD19FA /* Info.plist */ = {isa = PBXFileReference; lastKnownFileType = text.plist.xml; path = Info.plist; sourceTree = "<group>"; };
		6AEB9D201BACF60F00AD19FA /* Lignite_MusicUITests.m */ = {isa = PBXFileReference; lastKnownFileType = sourcecode.c.objc; path = Lignite_MusicUITests.m; sourceTree = "<group>"; };
		6AEB9D221BACF60F00AD19FA /* Info.plist */ = {isa = PBXFileReference; lastKnownFileType = text.plist.xml; path = Info.plist; sourceTree = "<group>"; };
		6AEB9D311BAD812700AD19FA /* pause_white.png */ = {isa = PBXFileReference; lastKnownFileType = image.png; path = pause_white.png; sourceTree = "<group>"; };
		6AEB9D321BAD812700AD19FA /* play_white.png */ = {isa = PBXFileReference; lastKnownFileType = image.png; path = play_white.png; sourceTree = "<group>"; };
		6AEB9D391BAD824E00AD19FA /* lignite_background.jpg */ = {isa = PBXFileReference; lastKnownFileType = image.jpeg; path = lignite_background.jpg; sourceTree = "<group>"; };
		6AF571FE1BC714DF009993E0 /* PebbleKit.framework */ = {isa = PBXFileReference; lastKnownFileType = wrapper.framework; path = PebbleKit.framework; sourceTree = "<group>"; };
		6AFD2EDB1BC41ECC0083FE9E /* LMAlbumViewItem.h */ = {isa = PBXFileReference; fileEncoding = 4; lastKnownFileType = sourcecode.c.h; path = LMAlbumViewItem.h; sourceTree = "<group>"; };
		6AFD2EDC1BC41ECC0083FE9E /* LMAlbumViewItem.m */ = {isa = PBXFileReference; fileEncoding = 4; lastKnownFileType = sourcecode.c.objc; path = LMAlbumViewItem.m; sourceTree = "<group>"; };
		6AFD2EDE1BC423850083FE9E /* no_album.png */ = {isa = PBXFileReference; lastKnownFileType = image.png; path = no_album.png; sourceTree = "<group>"; };
		A0B9C2DB66A8B7F673456C95 /* Pods-Lignite Music.debug.xcconfig */ = {isa = PBXFileReference; includeInIndex = 1; lastKnownFileType = text.xcconfig; name = "Pods-Lignite Music.debug.xcconfig"; path = "Pods/Target Support Files/Pods-Lignite Music/Pods-Lignite Music.debug.xcconfig"; sourceTree = "<group>"; };
/* End PBXFileReference section */

/* Begin PBXFrameworksBuildPhase section */
		6AEB9CF51BACF60E00AD19FA /* Frameworks */ = {
			isa = PBXFrameworksBuildPhase;
			buildActionMask = 2147483647;
			files = (
				6A2566F31D4089E8004EDE41 /* MediaPlayer.framework in Frameworks */,
				6AA473651BC710460066D47E /* MessageUI.framework in Frameworks */,
				6AA473631BC7103B0066D47E /* CoreMotion.framework in Frameworks */,
				6AA473611BC710320066D47E /* CoreBluetooth.framework in Frameworks */,
				6AA4735F1BC70FBA0066D47E /* ExternalAccessory.framework in Frameworks */,
				A75C073ECBB2FEB1EFE05613 /* Pods_Lignite_Music.framework in Frameworks */,
			);
			runOnlyForDeploymentPostprocessing = 0;
		};
/* End PBXFrameworksBuildPhase section */

/* Begin PBXGroup section */
		5035A8E2149262BBE52B6FB6 /* Pods */ = {
			isa = PBXGroup;
			children = (
				A0B9C2DB66A8B7F673456C95 /* Pods-Lignite Music.debug.xcconfig */,
				09E6F5244BE516BDD4E0D08C /* Pods-Lignite Music.release.xcconfig */,
			);
			name = Pods;
			sourceTree = "<group>";
		};
		6A1FB9C01D99C72200890BF3 /* Pebble */ = {
			isa = PBXGroup;
			children = (
				6A73CF5A1D4127C70097A400 /* LMPebbleImage.h */,
				6A73CF5B1D4127C70097A400 /* LMPebbleImage.m */,
				6A73CF5F1D451BFA0097A400 /* LMPebbleMessageQueue.h */,
				6A73CF601D451BFA0097A400 /* LMPebbleMessageQueue.m */,
				6AA4459A1D5AB264004C6739 /* LMPebbleSettingsView.h */,
				6AA4459B1D5AB264004C6739 /* LMPebbleSettingsView.m */,
			);
			name = Pebble;
			sourceTree = "<group>";
		};
		6A1FB9C11D99C88500890BF3 /* OtherControls */ = {
			isa = PBXGroup;
			children = (
				6A1FB9CA1D9AE76A00890BF3 /* LMLabel.h */,
				6A1FB9CB1D9AE76A00890BF3 /* LMLabel.m */,
				6A313C161BB59AE8002BBC33 /* LMButton.h */,
				6A313C171BB59AE8002BBC33 /* LMButton.m */,
				6A514E171CEA15D900AFB351 /* LMSlider.h */,
				6A514E181CEA15D900AFB351 /* LMSlider.m */,
				6ADDBD3B1DA29D3E00DB99EF /* LMShadowView.h */,
				6ADDBD3C1DA29D3E00DB99EF /* LMShadowView.m */,
				6A7FDBB41D9C35FB00CA6DBF /* LMAdaptiveScrollView.h */,
				6A7FDBB51D9C35FB00CA6DBF /* LMAdaptiveScrollView.m */,
				6A6351901D9D71D300498582 /* LMListEntry.h */,
				6A6351911D9D71D300498582 /* LMListEntry.m */,
			);
			name = OtherControls;
			sourceTree = "<group>";
		};
		6A1FB9C21D99C8B900890BF3 /* Core */ = {
			isa = PBXGroup;
			children = (
				6AEB9CFE1BACF60E00AD19FA /* AppDelegate.h */,
				6AEB9CFF1BACF60E00AD19FA /* AppDelegate.m */,
			);
			name = Core;
			sourceTree = "<group>";
		};
		6A1FB9C31D99C8C900890BF3 /* Layout */ = {
			isa = PBXGroup;
			children = (
				6AEB9D041BACF60E00AD19FA /* Main.storyboard */,
				6AEB9D091BACF60E00AD19FA /* LaunchScreen.storyboard */,
			);
			name = Layout;
			sourceTree = "<group>";
		};
		6A1FB9C41D99C8FC00890BF3 /* Other */ = {
			isa = PBXGroup;
			children = (
				6AEB9D071BACF60E00AD19FA /* Assets.xcassets */,
				6AEB9D0C1BACF60E00AD19FA /* Info.plist */,
				6A106B121BC710D4003AE55A /* Lignite Music.entitlements */,
				6AEB9CFB1BACF60E00AD19FA /* Supporting Files */,
			);
			name = Other;
			sourceTree = "<group>";
		};
		6A313C091BB4485A002BBC33 /* NowPlayingView */ = {
			isa = PBXGroup;
			children = (
				6A514E101CE904F000AFB351 /* LMNowPlayingViewController.h */,
				6A514E111CE904F000AFB351 /* LMNowPlayingViewController.m */,
				6A313C101BB44959002BBC33 /* NPAlbumArtView.h */,
				6A313C111BB44959002BBC33 /* NPAlbumArtView.m */,
			);
			name = NowPlayingView;
			sourceTree = "<group>";
		};
		6A66C7681CDA1086009019CF /* MiniPlayerView */ = {
			isa = PBXGroup;
			children = (
				6A66C7691CDA10C2009019CF /* LMMiniPlayerView.h */,
				6A66C76A1CDA10C2009019CF /* LMMiniPlayerView.m */,
			);
			name = MiniPlayerView;
			sourceTree = "<group>";
		};
		6A66C76C1CDA1B4E009019CF /* Icons */ = {
			isa = PBXGroup;
			children = (
				6A0750711D5EAB8000BCBC9C /* aplite_colours.gif */,
				6AB12E9B1D57AD9800280383 /* settings.png */,
				6A514E131CE9621B00AFB351 /* dynamic_playlist.png */,
				6A66C76E1CDA1BB1009019CF /* back_arrow_white.png */,
				6A313C191BB59D91002BBC33 /* repeat_black.png */,
				6A313C1A1BB59D91002BBC33 /* shuffle_black.png */,
				6AEB9D311BAD812700AD19FA /* pause_white.png */,
				6AEB9D321BAD812700AD19FA /* play_white.png */,
				6A0750731D5EC0C000BCBC9C /* bw_robot.png */,
				6AE4A7F91D493C0F002B67CD /* robot.png */,
				6AE4A7FB1D49461C002B67CD /* pebble_colours_64.gif */,
			);
			name = Icons;
			sourceTree = "<group>";
		};
		6A66C76D1CDA1B5F009019CF /* Other */ = {
			isa = PBXGroup;
			children = (
				6A514E1E1CEA3FCE00AFB351 /* splash_portrait.png */,
				6A514E151CEA125B00AFB351 /* lignite_background_portrait.png */,
				6AEB9D391BAD824E00AD19FA /* lignite_background.jpg */,
				6AFD2EDE1BC423850083FE9E /* no_album.png */,
			);
			name = Other;
			sourceTree = "<group>";
		};
		6AA4459D1D5AD676004C6739 /* SettingsControls */ = {
			isa = PBXGroup;
			children = (
				6AA4459E1D5AD6AB004C6739 /* LMSettingsSwitch.h */,
				6AA4459F1D5AD6AB004C6739 /* LMSettingsSwitch.m */,
				6AA445A11D5AD7B0004C6739 /* LMSettingsLabel.h */,
				6AA445A21D5AD7B0004C6739 /* LMSettingsLabel.m */,
			);
			name = SettingsControls;
			sourceTree = "<group>";
		};
		6AAF610A1DA0195900971875 /* Strings */ = {
			isa = PBXGroup;
			children = (
				6AAF610F1DA0286F00971875 /* Localizable.strings */,
			);
			name = Strings;
			sourceTree = "<group>";
		};
		6AAF61121DA0756500971875 /* TestingRewrite */ = {
			isa = PBXGroup;
			children = (
				6AAF61161DA0B9C700971875 /* LMTableViewCell.h */,
				6AAF61171DA0B9C700971875 /* LMTableViewCell.m */,
				6AAF61131DA0758400971875 /* LMTableView.h */,
				6AAF61141DA0758400971875 /* LMTableView.m */,
				6A555BAE1DA168860078C9FC /* LMOperationQueue.h */,
				6A555BAF1DA168860078C9FC /* LMOperationQueue.m */,
			);
			name = TestingRewrite;
			sourceTree = "<group>";
		};
		6ABF6A861CF37A19003E4EFA /* Utilities */ = {
			isa = PBXGroup;
			children = (
				6ABF6A831CF3768A003E4EFA /* UIColor+isLight.h */,
				6ABF6A841CF3768A003E4EFA /* UIColor+isLight.m */,
				6ABF6A801CF374F7003E4EFA /* UIImage+AverageColour.h */,
				6ABF6A811CF374F7003E4EFA /* UIImage+AverageColour.m */,
				6A313C131BB44A8F002BBC33 /* LMExtras.h */,
			);
			name = Utilities;
			sourceTree = "<group>";
		};
		6AEB9CEF1BACF60E00AD19FA = {
			isa = PBXGroup;
			children = (
				6AEB9CFA1BACF60E00AD19FA /* Lignite Music */,
				6AEB9D141BACF60F00AD19FA /* Lignite MusicTests */,
				6AEB9D1F1BACF60F00AD19FA /* Lignite MusicUITests */,
				6AEB9CF91BACF60E00AD19FA /* Products */,
				EEE9F5AA536DDB5B28CE09F9 /* Frameworks */,
				5035A8E2149262BBE52B6FB6 /* Pods */,
			);
			sourceTree = "<group>";
		};
		6AEB9CF91BACF60E00AD19FA /* Products */ = {
			isa = PBXGroup;
			children = (
				6AEB9CF81BACF60E00AD19FA /* Lignite Music.app */,
			);
			name = Products;
			sourceTree = "<group>";
		};
		6AEB9CFA1BACF60E00AD19FA /* Lignite Music */ = {
			isa = PBXGroup;
			children = (
				6AAF61121DA0756500971875 /* TestingRewrite */,
				6AFD2EDA1BC41EAC0083FE9E /* AlbumView */,
				6A1FB9C21D99C8B900890BF3 /* Core */,
				6AEB9D2E1BAD679F00AD19FA /* Images */,
				6A1FB9C31D99C8C900890BF3 /* Layout */,
				6A66C7681CDA1086009019CF /* MiniPlayerView */,
				6A313C091BB4485A002BBC33 /* NowPlayingView */,
				6A1FB9C41D99C8FC00890BF3 /* Other */,
				6A1FB9C11D99C88500890BF3 /* OtherControls */,
				6A1FB9C01D99C72200890BF3 /* Pebble */,
				6AA4459D1D5AD676004C6739 /* SettingsControls */,
				6AAF610A1DA0195900971875 /* Strings */,
				6ABF6A861CF37A19003E4EFA /* Utilities */,
			);
			path = "Lignite Music";
			sourceTree = "<group>";
		};
		6AEB9CFB1BACF60E00AD19FA /* Supporting Files */ = {
			isa = PBXGroup;
			children = (
				6AEB9CFC1BACF60E00AD19FA /* main.m */,
			);
			name = "Supporting Files";
			sourceTree = "<group>";
		};
		6AEB9D141BACF60F00AD19FA /* Lignite MusicTests */ = {
			isa = PBXGroup;
			children = (
				6AEB9D151BACF60F00AD19FA /* Lignite_MusicTests.m */,
				6AEB9D171BACF60F00AD19FA /* Info.plist */,
			);
			path = "Lignite MusicTests";
			sourceTree = "<group>";
		};
		6AEB9D1F1BACF60F00AD19FA /* Lignite MusicUITests */ = {
			isa = PBXGroup;
			children = (
				6AEB9D201BACF60F00AD19FA /* Lignite_MusicUITests.m */,
				6AEB9D221BACF60F00AD19FA /* Info.plist */,
			);
			path = "Lignite MusicUITests";
			sourceTree = "<group>";
		};
		6AEB9D2E1BAD679F00AD19FA /* Images */ = {
			isa = PBXGroup;
			children = (
				6A66C76C1CDA1B4E009019CF /* Icons */,
				6A66C76D1CDA1B5F009019CF /* Other */,
			);
			name = Images;
			sourceTree = "<group>";
		};
		6AFD2EDA1BC41EAC0083FE9E /* AlbumView */ = {
			isa = PBXGroup;
			children = (
				6A67E62D1D9CC7B800763DD0 /* LMAlbumDetailView.h */,
				6A67E62E1D9CC7B800763DD0 /* LMAlbumDetailView.m */,
				6A1FB9C51D99EB0A00890BF3 /* LMAlbumViewController.h */,
				6A1FB9C61D99EB0A00890BF3 /* LMAlbumViewController.m */,
				6AFD2EDB1BC41ECC0083FE9E /* LMAlbumViewItem.h */,
				6AFD2EDC1BC41ECC0083FE9E /* LMAlbumViewItem.m */,
				6A1FB9CD1D9B001000890BF3 /* LMAlbumCountLabel.h */,
				6A1FB9CE1D9B001000890BF3 /* LMAlbumCountLabel.m */,
			);
			name = AlbumView;
			sourceTree = "<group>";
		};
		EEE9F5AA536DDB5B28CE09F9 /* Frameworks */ = {
			isa = PBXGroup;
			children = (
				6A2566F21D4089E8004EDE41 /* MediaPlayer.framework */,
				6AF571FE1BC714DF009993E0 /* PebbleKit.framework */,
				6AA473641BC710460066D47E /* MessageUI.framework */,
				6AA473621BC7103B0066D47E /* CoreMotion.framework */,
				6AA473601BC710320066D47E /* CoreBluetooth.framework */,
				6AA4735E1BC70FBA0066D47E /* ExternalAccessory.framework */,
				0647B1CCD075642CBF2B75C8 /* Pods_Lignite_Music.framework */,
			);
			name = Frameworks;
			sourceTree = "<group>";
		};
/* End PBXGroup section */

/* Begin PBXNativeTarget section */
		6AEB9CF71BACF60E00AD19FA /* Lignite Music */ = {
			isa = PBXNativeTarget;
			buildConfigurationList = 6AEB9D251BACF60F00AD19FA /* Build configuration list for PBXNativeTarget "Lignite Music" */;
			buildPhases = (
				A2831B82361EA222CB9D86D0 /* [CP] Check Pods Manifest.lock */,
				6AEB9CF41BACF60E00AD19FA /* Sources */,
				6AEB9CF51BACF60E00AD19FA /* Frameworks */,
				6AEB9CF61BACF60E00AD19FA /* Resources */,
				33E11C0464958C7B098CDE2D /* [CP] Embed Pods Frameworks */,
				D083EC8A2EC9BA4BD0DF3154 /* [CP] Copy Pods Resources */,
			);
			buildRules = (
			);
			dependencies = (
			);
			name = "Lignite Music";
			productName = "Lignite Music";
			productReference = 6AEB9CF81BACF60E00AD19FA /* Lignite Music.app */;
			productType = "com.apple.product-type.application";
		};
/* End PBXNativeTarget section */

/* Begin PBXProject section */
		6AEB9CF01BACF60E00AD19FA /* Project object */ = {
			isa = PBXProject;
			attributes = {
				LastUpgradeCheck = 0800;
				ORGANIZATIONNAME = Lignite;
				TargetAttributes = {
					6AEB9CF71BACF60E00AD19FA = {
						CreatedOnToolsVersion = 7.0;
						DevelopmentTeam = FC8DY8T6N2;
						LastSwiftMigration = 0800;
						SystemCapabilities = {
							com.apple.Push = {
								enabled = 1;
							};
						};
					};
				};
			};
			buildConfigurationList = 6AEB9CF31BACF60E00AD19FA /* Build configuration list for PBXProject "Lignite Music" */;
			compatibilityVersion = "Xcode 3.2";
			developmentRegion = English;
			hasScannedForEncodings = 0;
			knownRegions = (
				en,
				Base,
				de,
			);
			mainGroup = 6AEB9CEF1BACF60E00AD19FA;
			productRefGroup = 6AEB9CF91BACF60E00AD19FA /* Products */;
			projectDirPath = "";
			projectRoot = "";
			targets = (
				6AEB9CF71BACF60E00AD19FA /* Lignite Music */,
			);
		};
/* End PBXProject section */

/* Begin PBXResourcesBuildPhase section */
		6AEB9CF61BACF60E00AD19FA /* Resources */ = {
			isa = PBXResourcesBuildPhase;
			buildActionMask = 2147483647;
			files = (
				6A66C76F1CDA1BB1009019CF /* back_arrow_white.png in Resources */,
				6A313C1B1BB59D91002BBC33 /* repeat_black.png in Resources */,
				6AE4A7FC1D49461C002B67CD /* pebble_colours_64.gif in Resources */,
				6A0750721D5EAB8000BCBC9C /* aplite_colours.gif in Resources */,
				6AB12E9C1D57AD9800280383 /* settings.png in Resources */,
				6AEB9D0B1BACF60E00AD19FA /* LaunchScreen.storyboard in Resources */,
				6A514E1F1CEA3FCE00AFB351 /* splash_portrait.png in Resources */,
				6AEB9D3A1BAD824E00AD19FA /* lignite_background.jpg in Resources */,
				6A0750741D5EC0C000BCBC9C /* bw_robot.png in Resources */,
				6AEB9D361BAD812700AD19FA /* play_white.png in Resources */,
				6A313C1C1BB59D91002BBC33 /* shuffle_black.png in Resources */,
				6AEB9D081BACF60E00AD19FA /* Assets.xcassets in Resources */,
				6AEB9D061BACF60E00AD19FA /* Main.storyboard in Resources */,
				6A514E141CE9621B00AFB351 /* dynamic_playlist.png in Resources */,
				6AEB9D351BAD812700AD19FA /* pause_white.png in Resources */,
				6AFD2EDF1BC423850083FE9E /* no_album.png in Resources */,
				6AAF610D1DA0286F00971875 /* Localizable.strings in Resources */,
				6A514E161CEA125B00AFB351 /* lignite_background_portrait.png in Resources */,
				6AE4A7FA1D493C0F002B67CD /* robot.png in Resources */,
			);
			runOnlyForDeploymentPostprocessing = 0;
		};
/* End PBXResourcesBuildPhase section */

/* Begin PBXShellScriptBuildPhase section */
		33E11C0464958C7B098CDE2D /* [CP] Embed Pods Frameworks */ = {
			isa = PBXShellScriptBuildPhase;
			buildActionMask = 2147483647;
			files = (
			);
			inputPaths = (
			);
			name = "[CP] Embed Pods Frameworks";
			outputPaths = (
			);
			runOnlyForDeploymentPostprocessing = 0;
			shellPath = /bin/sh;
			shellScript = "\"${SRCROOT}/Pods/Target Support Files/Pods-Lignite Music/Pods-Lignite Music-frameworks.sh\"\n";
			showEnvVarsInLog = 0;
		};
		A2831B82361EA222CB9D86D0 /* [CP] Check Pods Manifest.lock */ = {
			isa = PBXShellScriptBuildPhase;
			buildActionMask = 2147483647;
			files = (
			);
			inputPaths = (
			);
			name = "[CP] Check Pods Manifest.lock";
			outputPaths = (
			);
			runOnlyForDeploymentPostprocessing = 0;
			shellPath = /bin/sh;
			shellScript = "diff \"${PODS_ROOT}/../Podfile.lock\" \"${PODS_ROOT}/Manifest.lock\" > /dev/null\nif [[ $? != 0 ]] ; then\n    cat << EOM\nerror: The sandbox is not in sync with the Podfile.lock. Run 'pod install' or update your CocoaPods installation.\nEOM\n    exit 1\nfi\n";
			showEnvVarsInLog = 0;
		};
		D083EC8A2EC9BA4BD0DF3154 /* [CP] Copy Pods Resources */ = {
			isa = PBXShellScriptBuildPhase;
			buildActionMask = 2147483647;
			files = (
			);
			inputPaths = (
			);
			name = "[CP] Copy Pods Resources";
			outputPaths = (
			);
			runOnlyForDeploymentPostprocessing = 0;
			shellPath = /bin/sh;
			shellScript = "\"${SRCROOT}/Pods/Target Support Files/Pods-Lignite Music/Pods-Lignite Music-resources.sh\"\n";
			showEnvVarsInLog = 0;
		};
/* End PBXShellScriptBuildPhase section */

/* Begin PBXSourcesBuildPhase section */
		6AEB9CF41BACF60E00AD19FA /* Sources */ = {
			isa = PBXSourcesBuildPhase;
			buildActionMask = 2147483647;
			files = (
				6AA445A31D5AD7B0004C6739 /* LMSettingsLabel.m in Sources */,
				6A6351921D9D71D300498582 /* LMListEntry.m in Sources */,
				6AA4459C1D5AB264004C6739 /* LMPebbleSettingsView.m in Sources */,
				6AFD2EDD1BC41ECD0083FE9E /* LMAlbumViewItem.m in Sources */,
				6A7FDBB61D9C35FB00CA6DBF /* LMAdaptiveScrollView.m in Sources */,
				6A514E121CE904F100AFB351 /* LMNowPlayingViewController.m in Sources */,
				6A66C76B1CDA10C2009019CF /* LMMiniPlayerView.m in Sources */,
				6AA445A01D5AD6AB004C6739 /* LMSettingsSwitch.m in Sources */,
				6A1FB9CC1D9AE76A00890BF3 /* LMLabel.m in Sources */,
				6AEB9D001BACF60E00AD19FA /* AppDelegate.m in Sources */,
				6AAF61181DA0B9C800971875 /* LMTableViewCell.m in Sources */,
				6A73CF611D451BFA0097A400 /* LMPebbleMessageQueue.m in Sources */,
				6A67E62F1D9CC7B800763DD0 /* LMAlbumDetailView.m in Sources */,
				6ABF6A851CF3768A003E4EFA /* UIColor+isLight.m in Sources */,
				6A313C121BB44959002BBC33 /* NPAlbumArtView.m in Sources */,
				6ADDBD3D1DA29D3E00DB99EF /* LMShadowView.m in Sources */,
				6AEB9CFD1BACF60E00AD19FA /* main.m in Sources */,
				6AAF61151DA0758400971875 /* LMTableView.m in Sources */,
				6ABF6A821CF374F7003E4EFA /* UIImage+AverageColour.m in Sources */,
				6A313C181BB59AE8002BBC33 /* LMButton.m in Sources */,
				6A73CF5C1D4127C70097A400 /* LMPebbleImage.m in Sources */,
				6A555BB01DA168860078C9FC /* LMOperationQueue.m in Sources */,
				6A1FB9C71D99EB0A00890BF3 /* LMAlbumViewController.m in Sources */,
				6A514E191CEA15D900AFB351 /* LMSlider.m in Sources */,
				6A1FB9CF1D9B001000890BF3 /* LMAlbumCountLabel.m in Sources */,
			);
			runOnlyForDeploymentPostprocessing = 0;
		};
/* End PBXSourcesBuildPhase section */

/* Begin PBXVariantGroup section */
		6AAF610F1DA0286F00971875 /* Localizable.strings */ = {
			isa = PBXVariantGroup;
			children = (
				6AAF610E1DA0286F00971875 /* en */,
				6AAF61101DA028AE00971875 /* Base */,
				6AAF61111DA028C200971875 /* de */,
			);
			name = Localizable.strings;
			sourceTree = "<group>";
		};
		6AEB9D041BACF60E00AD19FA /* Main.storyboard */ = {
			isa = PBXVariantGroup;
			children = (
				6AEB9D051BACF60E00AD19FA /* Base */,
			);
			name = Main.storyboard;
			sourceTree = "<group>";
		};
		6AEB9D091BACF60E00AD19FA /* LaunchScreen.storyboard */ = {
			isa = PBXVariantGroup;
			children = (
				6AEB9D0A1BACF60E00AD19FA /* Base */,
			);
			name = LaunchScreen.storyboard;
			sourceTree = "<group>";
		};
/* End PBXVariantGroup section */

/* Begin XCBuildConfiguration section */
		6AEB9D231BACF60F00AD19FA /* Debug */ = {
			isa = XCBuildConfiguration;
			buildSettings = {
				ALWAYS_SEARCH_USER_PATHS = NO;
				CLANG_ANALYZER_LOCALIZABILITY_NONLOCALIZED = YES;
				CLANG_CXX_LANGUAGE_STANDARD = "gnu++0x";
				CLANG_CXX_LIBRARY = "libc++";
				CLANG_ENABLE_MODULES = YES;
				CLANG_ENABLE_OBJC_ARC = YES;
				CLANG_WARN_BOOL_CONVERSION = YES;
				CLANG_WARN_CONSTANT_CONVERSION = YES;
				CLANG_WARN_DIRECT_OBJC_ISA_USAGE = YES_ERROR;
				CLANG_WARN_EMPTY_BODY = YES;
				CLANG_WARN_ENUM_CONVERSION = YES;
				CLANG_WARN_INFINITE_RECURSION = YES;
				CLANG_WARN_INT_CONVERSION = YES;
				CLANG_WARN_OBJC_ROOT_CLASS = YES_ERROR;
				CLANG_WARN_SUSPICIOUS_MOVE = YES;
				CLANG_WARN_UNREACHABLE_CODE = YES;
				CLANG_WARN__DUPLICATE_METHOD_MATCH = YES;
				"CODE_SIGN_IDENTITY[sdk=iphoneos*]" = "iPhone Developer";
				COPY_PHASE_STRIP = NO;
				DEBUG_INFORMATION_FORMAT = dwarf;
				ENABLE_BITCODE = NO;
				ENABLE_STRICT_OBJC_MSGSEND = YES;
				ENABLE_TESTABILITY = YES;
				GCC_C_LANGUAGE_STANDARD = gnu99;
				GCC_DYNAMIC_NO_PIC = NO;
				GCC_NO_COMMON_BLOCKS = YES;
				GCC_OPTIMIZATION_LEVEL = 0;
				GCC_PREPROCESSOR_DEFINITIONS = (
					"DEBUG=1",
					"$(inherited)",
				);
				GCC_WARN_64_TO_32_BIT_CONVERSION = YES;
				GCC_WARN_ABOUT_RETURN_TYPE = YES_ERROR;
				GCC_WARN_UNDECLARED_SELECTOR = YES;
				GCC_WARN_UNINITIALIZED_AUTOS = YES_AGGRESSIVE;
				GCC_WARN_UNUSED_FUNCTION = YES;
				GCC_WARN_UNUSED_VARIABLE = YES;
				IPHONEOS_DEPLOYMENT_TARGET = 9.0;
				MTL_ENABLE_DEBUG_INFO = YES;
				ONLY_ACTIVE_ARCH = YES;
				SDKROOT = iphoneos;
			};
			name = Debug;
		};
		6AEB9D241BACF60F00AD19FA /* Release */ = {
			isa = XCBuildConfiguration;
			buildSettings = {
				ALWAYS_SEARCH_USER_PATHS = NO;
				CLANG_ANALYZER_LOCALIZABILITY_NONLOCALIZED = YES;
				CLANG_CXX_LANGUAGE_STANDARD = "gnu++0x";
				CLANG_CXX_LIBRARY = "libc++";
				CLANG_ENABLE_MODULES = YES;
				CLANG_ENABLE_OBJC_ARC = YES;
				CLANG_WARN_BOOL_CONVERSION = YES;
				CLANG_WARN_CONSTANT_CONVERSION = YES;
				CLANG_WARN_DIRECT_OBJC_ISA_USAGE = YES_ERROR;
				CLANG_WARN_EMPTY_BODY = YES;
				CLANG_WARN_ENUM_CONVERSION = YES;
				CLANG_WARN_INFINITE_RECURSION = YES;
				CLANG_WARN_INT_CONVERSION = YES;
				CLANG_WARN_OBJC_ROOT_CLASS = YES_ERROR;
				CLANG_WARN_SUSPICIOUS_MOVE = YES;
				CLANG_WARN_UNREACHABLE_CODE = YES;
				CLANG_WARN__DUPLICATE_METHOD_MATCH = YES;
				"CODE_SIGN_IDENTITY[sdk=iphoneos*]" = "iPhone Developer";
				COPY_PHASE_STRIP = NO;
				DEBUG_INFORMATION_FORMAT = "dwarf-with-dsym";
				ENABLE_BITCODE = NO;
				ENABLE_NS_ASSERTIONS = NO;
				ENABLE_STRICT_OBJC_MSGSEND = YES;
				GCC_C_LANGUAGE_STANDARD = gnu99;
				GCC_NO_COMMON_BLOCKS = YES;
				GCC_WARN_64_TO_32_BIT_CONVERSION = YES;
				GCC_WARN_ABOUT_RETURN_TYPE = YES_ERROR;
				GCC_WARN_UNDECLARED_SELECTOR = YES;
				GCC_WARN_UNINITIALIZED_AUTOS = YES_AGGRESSIVE;
				GCC_WARN_UNUSED_FUNCTION = YES;
				GCC_WARN_UNUSED_VARIABLE = YES;
				IPHONEOS_DEPLOYMENT_TARGET = 9.0;
				MTL_ENABLE_DEBUG_INFO = NO;
				SDKROOT = iphoneos;
				VALIDATE_PRODUCT = YES;
			};
			name = Release;
		};
		6AEB9D261BACF60F00AD19FA /* Debug */ = {
			isa = XCBuildConfiguration;
			baseConfigurationReference = A0B9C2DB66A8B7F673456C95 /* Pods-Lignite Music.debug.xcconfig */;
			buildSettings = {
				ASSETCATALOG_COMPILER_APPICON_NAME = AppIcon;
				CLANG_ENABLE_MODULES = YES;
				CODE_SIGN_ENTITLEMENTS = "Lignite Music/Lignite Music.entitlements";
				CODE_SIGN_IDENTITY = "iPhone Developer";
				"CODE_SIGN_IDENTITY[sdk=iphoneos*]" = "iPhone Developer";
				COMPRESS_PNG_FILES = NO;
				ENABLE_BITCODE = NO;
				FRAMEWORK_SEARCH_PATHS = (
					"$(inherited)",
					"$(PROJECT_DIR)",
				);
				GCC_PREPROCESSOR_DEFINITIONS = (
					"$(inherited)",
					"COCOAPODS=1",
					"MAGICKCORE_QUANTUM_DEPTH=16",
					"MAGICKCORE_HDRI_ENABLE=YES",
				);
				INFOPLIST_FILE = "Lignite Music/Info.plist";
				IPHONEOS_DEPLOYMENT_TARGET = 9.3;
				LD_RUNPATH_SEARCH_PATHS = "$(inherited) @executable_path/Frameworks";
				New_Setting = "";
				PRODUCT_BUNDLE_IDENTIFIER = lignite.io.music;
				PRODUCT_NAME = "$(TARGET_NAME)";
				PROVISIONING_PROFILE = "";
				STRIP_PNG_TEXT = NO;
				SWIFT_OPTIMIZATION_LEVEL = "-Onone";
				SWIFT_VERSION = 3.0;
				TARGETED_DEVICE_FAMILY = 1;
			};
			name = Debug;
		};
		6AEB9D271BACF60F00AD19FA /* Release */ = {
			isa = XCBuildConfiguration;
			baseConfigurationReference = 09E6F5244BE516BDD4E0D08C /* Pods-Lignite Music.release.xcconfig */;
			buildSettings = {
				ASSETCATALOG_COMPILER_APPICON_NAME = AppIcon;
				CLANG_ENABLE_MODULES = YES;
				CODE_SIGN_ENTITLEMENTS = "Lignite Music/Lignite Music.entitlements";
				CODE_SIGN_IDENTITY = "iPhone Developer";
				"CODE_SIGN_IDENTITY[sdk=iphoneos*]" = "iPhone Developer";
				COMPRESS_PNG_FILES = NO;
				ENABLE_BITCODE = NO;
				FRAMEWORK_SEARCH_PATHS = (
					"$(inherited)",
					"$(PROJECT_DIR)",
				);
				INFOPLIST_FILE = "Lignite Music/Info.plist";
				IPHONEOS_DEPLOYMENT_TARGET = 9.3;
				LD_RUNPATH_SEARCH_PATHS = "$(inherited) @executable_path/Frameworks";
				New_Setting = "";
				PRODUCT_BUNDLE_IDENTIFIER = lignite.io.music;
				PRODUCT_NAME = "$(TARGET_NAME)";
				PROVISIONING_PROFILE = "";
				STRIP_PNG_TEXT = NO;
				SWIFT_VERSION = 3.0;
				TARGETED_DEVICE_FAMILY = 1;
			};
			name = Release;
		};
/* End XCBuildConfiguration section */

/* Begin XCConfigurationList section */
		6AEB9CF31BACF60E00AD19FA /* Build configuration list for PBXProject "Lignite Music" */ = {
			isa = XCConfigurationList;
			buildConfigurations = (
				6AEB9D231BACF60F00AD19FA /* Debug */,
				6AEB9D241BACF60F00AD19FA /* Release */,
			);
			defaultConfigurationIsVisible = 0;
			defaultConfigurationName = Release;
		};
		6AEB9D251BACF60F00AD19FA /* Build configuration list for PBXNativeTarget "Lignite Music" */ = {
			isa = XCConfigurationList;
			buildConfigurations = (
				6AEB9D261BACF60F00AD19FA /* Debug */,
				6AEB9D271BACF60F00AD19FA /* Release */,
			);
			defaultConfigurationIsVisible = 0;
			defaultConfigurationName = Release;
		};
/* End XCConfigurationList section */
	};
	rootObject = 6AEB9CF01BACF60E00AD19FA /* Project object */;
}
